
Microsoft Visual Studio Solution File, Format Version 12.00
# Visual Studio 15
VisualStudioVersion = 15.0.27703.2026
MinimumVisualStudioVersion = 10.0.40219.1
Project("{FAE04EC0-301F-11D3-BF4B-00C04F79EFBC}") = "BagsByShuman", "BagsByShuman\BagsByShuman.csproj", "{42BAC142-2489-4B3F-A935-DCE917F476FF}"
EndProject
Global
	GlobalSection(SolutionConfigurationPlatforms) = preSolution
		Debug|Any CPU = Debug|Any CPU
		Release|Any CPU = Release|Any CPU
	EndGlobalSection
	GlobalSection(ProjectConfigurationPlatforms) = postSolution
		{42BAC142-2489-4B3F-A935-DCE917F476FF}.Debug|Any CPU.ActiveCfg = Debug|Any CPU
		{42BAC142-2489-4B3F-A935-DCE917F476FF}.Debug|Any CPU.Build.0 = Debug|Any CPU
		{42BAC142-2489-4B3F-A935-DCE917F476FF}.Release|Any CPU.ActiveCfg = Release|Any CPU
		{42BAC142-2489-4B3F-A935-DCE917F476FF}.Release|Any CPU.Build.0 = Release|Any CPU
	EndGlobalSection
	GlobalSection(SolutionProperties) = preSolution
		HideSolutionNode = FALSE
	EndGlobalSection
	GlobalSection(ExtensibilityGlobals) = postSolution
		SolutionGuid = {0C59C81D-88B3-4B95-AC28-41116C0E4A0D}
	EndGlobalSection
EndGlobal
